// !$*UTF8*$!
{
	archiveVersion = 1;
	classes = {
	};
	objectVersion = 50;
	objects = {

/* Begin PBXBuildFile section */
		5591BCFC25241603009720BB /* AppDelegate.swift in Sources */ = {isa = PBXBuildFile; fileRef = 5591BCFB25241603009720BB /* AppDelegate.swift */; };
		5591BCFE25241603009720BB /* SceneDelegate.swift in Sources */ = {isa = PBXBuildFile; fileRef = 5591BCFD25241603009720BB /* SceneDelegate.swift */; };
		5591BD0025241603009720BB /* NinjaPrepViewController.swift in Sources */ = {isa = PBXBuildFile; fileRef = 5591BCFF25241603009720BB /* NinjaPrepViewController.swift */; };
		5591BD0525241605009720BB /* Assets.xcassets in Resources */ = {isa = PBXBuildFile; fileRef = 5591BD0425241605009720BB /* Assets.xcassets */; };
		5591BD0825241605009720BB /* LaunchScreen.storyboard in Resources */ = {isa = PBXBuildFile; fileRef = 5591BD0625241605009720BB /* LaunchScreen.storyboard */; };
		5591BD1625241728009720BB /* Fonts.swift in Sources */ = {isa = PBXBuildFile; fileRef = 5591BD1525241728009720BB /* Fonts.swift */; };
		5591BD1A252418A4009720BB /* Colors.swift in Sources */ = {isa = PBXBuildFile; fileRef = 5591BD19252418A4009720BB /* Colors.swift */; };
		5591BD1D25241952009720BB /* LogicExtensions.swift in Sources */ = {isa = PBXBuildFile; fileRef = 5591BD1C25241952009720BB /* LogicExtensions.swift */; };
		5591BD2025241A08009720BB /* UILabel+Extensions.swift in Sources */ = {isa = PBXBuildFile; fileRef = 5591BD1F25241A08009720BB /* UILabel+Extensions.swift */; };
		5591BD2325242291009720BB /* Roboto in Resources */ = {isa = PBXBuildFile; fileRef = 5591BD2225242291009720BB /* Roboto */; };
/* End PBXBuildFile section */

/* Begin PBXFileReference section */
		5591BCF825241603009720BB /* Ninja Prep.app */ = {isa = PBXFileReference; explicitFileType = wrapper.application; includeInIndex = 0; path = "Ninja Prep.app"; sourceTree = BUILT_PRODUCTS_DIR; };
		5591BCFB25241603009720BB /* AppDelegate.swift */ = {isa = PBXFileReference; lastKnownFileType = sourcecode.swift; path = AppDelegate.swift; sourceTree = "<group>"; };
		5591BCFD25241603009720BB /* SceneDelegate.swift */ = {isa = PBXFileReference; lastKnownFileType = sourcecode.swift; path = SceneDelegate.swift; sourceTree = "<group>"; };
		5591BCFF25241603009720BB /* NinjaPrepViewController.swift */ = {isa = PBXFileReference; lastKnownFileType = sourcecode.swift; path = NinjaPrepViewController.swift; sourceTree = "<group>"; };
		5591BD0425241605009720BB /* Assets.xcassets */ = {isa = PBXFileReference; lastKnownFileType = folder.assetcatalog; path = Assets.xcassets; sourceTree = "<group>"; };
		5591BD0725241605009720BB /* Base */ = {isa = PBXFileReference; lastKnownFileType = file.storyboard; name = Base; path = Base.lproj/LaunchScreen.storyboard; sourceTree = "<group>"; };
		5591BD0925241605009720BB /* Info.plist */ = {isa = PBXFileReference; lastKnownFileType = text.plist.xml; path = Info.plist; sourceTree = "<group>"; };
		5591BD1525241728009720BB /* Fonts.swift */ = {isa = PBXFileReference; lastKnownFileType = sourcecode.swift; path = Fonts.swift; sourceTree = "<group>"; };
		5591BD19252418A4009720BB /* Colors.swift */ = {isa = PBXFileReference; lastKnownFileType = sourcecode.swift; path = Colors.swift; sourceTree = "<group>"; };
		5591BD1C25241952009720BB /* LogicExtensions.swift */ = {isa = PBXFileReference; lastKnownFileType = sourcecode.swift; path = LogicExtensions.swift; sourceTree = "<group>"; };
		5591BD1F25241A08009720BB /* UILabel+Extensions.swift */ = {isa = PBXFileReference; lastKnownFileType = sourcecode.swift; path = "UILabel+Extensions.swift"; sourceTree = "<group>"; };
		5591BD2225242291009720BB /* Roboto */ = {isa = PBXFileReference; lastKnownFileType = folder; path = Roboto; sourceTree = "<group>"; };
/* End PBXFileReference section */

/* Begin PBXFrameworksBuildPhase section */
		5591BCF525241603009720BB /* Frameworks */ = {
			isa = PBXFrameworksBuildPhase;
			buildActionMask = 2147483647;
			files = (
			);
			runOnlyForDeploymentPostprocessing = 0;
		};
/* End PBXFrameworksBuildPhase section */

/* Begin PBXGroup section */
		5591BCEF25241602009720BB = {
			isa = PBXGroup;
			children = (
				5591BCFA25241603009720BB /* Ninja Prep */,
				5591BCF925241603009720BB /* Products */,
			);
			sourceTree = "<group>";
		};
		5591BCF925241603009720BB /* Products */ = {
			isa = PBXGroup;
			children = (
				5591BCF825241603009720BB /* Ninja Prep.app */,
			);
			name = Products;
			sourceTree = "<group>";
		};
		5591BCFA25241603009720BB /* Ninja Prep */ = {
			isa = PBXGroup;
			children = (
				5591BCFB25241603009720BB /* AppDelegate.swift */,
				5591BCFD25241603009720BB /* SceneDelegate.swift */,
				5591BD12252416EC009720BB /* Model */,
				5591BD13252416F2009720BB /* View */,
				5591BD10252416E5009720BB /* Controller */,
				5591BD0425241605009720BB /* Assets.xcassets */,
				5591BD0625241605009720BB /* LaunchScreen.storyboard */,
				5591BD0925241605009720BB /* Info.plist */,
				5591BD2225242291009720BB /* Roboto */,
			);
			path = "Ninja Prep";
			sourceTree = "<group>";
		};
		5591BD10252416E5009720BB /* Controller */ = {
			isa = PBXGroup;
			children = (
				5591BCFF25241603009720BB /* NinjaPrepViewController.swift */,
			);
			path = Controller;
			sourceTree = "<group>";
		};
		5591BD12252416EC009720BB /* Model */ = {
			isa = PBXGroup;
			children = (
				5591BD1C25241952009720BB /* LogicExtensions.swift */,
			);
			path = Model;
			sourceTree = "<group>";
		};
		5591BD13252416F2009720BB /* View */ = {
			isa = PBXGroup;
			children = (
				5591BD1425241715009720BB /* StyleGuide */,
			);
			path = View;
			sourceTree = "<group>";
		};
		5591BD1425241715009720BB /* StyleGuide */ = {
			isa = PBXGroup;
			children = (
				5591BD1525241728009720BB /* Fonts.swift */,
				5591BD19252418A4009720BB /* Colors.swift */,
				5591BD1F25241A08009720BB /* UILabel+Extensions.swift */,
			);
			path = StyleGuide;
			sourceTree = "<group>";
		};
/* End PBXGroup section */

/* Begin PBXNativeTarget section */
		5591BCF725241603009720BB /* Ninja Prep */ = {
			isa = PBXNativeTarget;
			buildConfigurationList = 5591BD0C25241605009720BB /* Build configuration list for PBXNativeTarget "Ninja Prep" */;
			buildPhases = (
				5591BCF425241603009720BB /* Sources */,
				5591BCF525241603009720BB /* Frameworks */,
				5591BCF625241603009720BB /* Resources */,
			);
			buildRules = (
			);
			dependencies = (
			);
			name = "Ninja Prep";
			productName = "Ninja Prep";
			productReference = 5591BCF825241603009720BB /* Ninja Prep.app */;
			productType = "com.apple.product-type.application";
		};
/* End PBXNativeTarget section */

/* Begin PBXProject section */
		5591BCF025241602009720BB /* Project object */ = {
			isa = PBXProject;
			attributes = {
				LastSwiftUpdateCheck = 1200;
				LastUpgradeCheck = 1200;
				TargetAttributes = {
					5591BCF725241603009720BB = {
						CreatedOnToolsVersion = 12.0;
					};
				};
			};
			buildConfigurationList = 5591BCF325241602009720BB /* Build configuration list for PBXProject "Ninja Prep" */;
			compatibilityVersion = "Xcode 9.3";
			developmentRegion = en;
			hasScannedForEncodings = 0;
			knownRegions = (
				en,
				Base,
			);
			mainGroup = 5591BCEF25241602009720BB;
			productRefGroup = 5591BCF925241603009720BB /* Products */;
			projectDirPath = "";
			projectRoot = "";
			targets = (
				5591BCF725241603009720BB /* Ninja Prep */,
			);
		};
/* End PBXProject section */

/* Begin PBXResourcesBuildPhase section */
		5591BCF625241603009720BB /* Resources */ = {
			isa = PBXResourcesBuildPhase;
			buildActionMask = 2147483647;
			files = (
				5591BD0825241605009720BB /* LaunchScreen.storyboard in Resources */,
				5591BD0525241605009720BB /* Assets.xcassets in Resources */,
				5591BD2325242291009720BB /* Roboto in Resources */,
			);
			runOnlyForDeploymentPostprocessing = 0;
		};
/* End PBXResourcesBuildPhase section */

/* Begin PBXSourcesBuildPhase section */
		5591BCF425241603009720BB /* Sources */ = {
			isa = PBXSourcesBuildPhase;
			buildActionMask = 2147483647;
			files = (
				5591BD1625241728009720BB /* Fonts.swift in Sources */,
				5591BD1A252418A4009720BB /* Colors.swift in Sources */,
				5591BD1D25241952009720BB /* LogicExtensions.swift in Sources */,
				5591BD0025241603009720BB /* NinjaPrepViewController.swift in Sources */,
				5591BCFC25241603009720BB /* AppDelegate.swift in Sources */,
				5591BCFE25241603009720BB /* SceneDelegate.swift in Sources */,
				5591BD2025241A08009720BB /* UILabel+Extensions.swift in Sources */,
			);
			runOnlyForDeploymentPostprocessing = 0;
		};
/* End PBXSourcesBuildPhase section */

/* Begin PBXVariantGroup section */
		5591BD0625241605009720BB /* LaunchScreen.storyboard */ = {
			isa = PBXVariantGroup;
			children = (
				5591BD0725241605009720BB /* Base */,
			);
			name = LaunchScreen.storyboard;
			sourceTree = "<group>";
		};
/* End PBXVariantGroup section */

/* Begin XCBuildConfiguration section */
		5591BD0A25241605009720BB /* Debug */ = {
			isa = XCBuildConfiguration;
			buildSettings = {
				ALWAYS_SEARCH_USER_PATHS = NO;
				CLANG_ANALYZER_NONNULL = YES;
				CLANG_ANALYZER_NUMBER_OBJECT_CONVERSION = YES_AGGRESSIVE;
				CLANG_CXX_LANGUAGE_STANDARD = "gnu++14";
				CLANG_CXX_LIBRARY = "libc++";
				CLANG_ENABLE_MODULES = YES;
				CLANG_ENABLE_OBJC_ARC = YES;
				CLANG_ENABLE_OBJC_WEAK = YES;
				CLANG_WARN_BLOCK_CAPTURE_AUTORELEASING = YES;
				CLANG_WARN_BOOL_CONVERSION = YES;
				CLANG_WARN_COMMA = YES;
				CLANG_WARN_CONSTANT_CONVERSION = YES;
				CLANG_WARN_DEPRECATED_OBJC_IMPLEMENTATIONS = YES;
				CLANG_WARN_DIRECT_OBJC_ISA_USAGE = YES_ERROR;
				CLANG_WARN_DOCUMENTATION_COMMENTS = YES;
				CLANG_WARN_EMPTY_BODY = YES;
				CLANG_WARN_ENUM_CONVERSION = YES;
				CLANG_WARN_INFINITE_RECURSION = YES;
				CLANG_WARN_INT_CONVERSION = YES;
				CLANG_WARN_NON_LITERAL_NULL_CONVERSION = YES;
				CLANG_WARN_OBJC_IMPLICIT_RETAIN_SELF = YES;
				CLANG_WARN_OBJC_LITERAL_CONVERSION = YES;
				CLANG_WARN_OBJC_ROOT_CLASS = YES_ERROR;
				CLANG_WARN_QUOTED_INCLUDE_IN_FRAMEWORK_HEADER = YES;
				CLANG_WARN_RANGE_LOOP_ANALYSIS = YES;
				CLANG_WARN_STRICT_PROTOTYPES = YES;
				CLANG_WARN_SUSPICIOUS_MOVE = YES;
				CLANG_WARN_UNGUARDED_AVAILABILITY = YES_AGGRESSIVE;
				CLANG_WARN_UNREACHABLE_CODE = YES;
				CLANG_WARN__DUPLICATE_METHOD_MATCH = YES;
				COPY_PHASE_STRIP = NO;
				DEBUG_INFORMATION_FORMAT = dwarf;
				ENABLE_STRICT_OBJC_MSGSEND = YES;
				ENABLE_TESTABILITY = YES;
				GCC_C_LANGUAGE_STANDARD = gnu11;
				GCC_DYNAMIC_NO_PIC = NO;
				GCC_NO_COMMON_BLOCKS = YES;
				GCC_OPTIMIZATION_LEVEL = 0;
				GCC_PREPROCESSOR_DEFINITIONS = (
					"DEBUG=1",
					"$(inherited)",
				);
				GCC_WARN_64_TO_32_BIT_CONVERSION = YES;
				GCC_WARN_ABOUT_RETURN_TYPE = YES_ERROR;
				GCC_WARN_UNDECLARED_SELECTOR = YES;
				GCC_WARN_UNINITIALIZED_AUTOS = YES_AGGRESSIVE;
				GCC_WARN_UNUSED_FUNCTION = YES;
				GCC_WARN_UNUSED_VARIABLE = YES;
				IPHONEOS_DEPLOYMENT_TARGET = 14.0;
				MTL_ENABLE_DEBUG_INFO = INCLUDE_SOURCE;
				MTL_FAST_MATH = YES;
				ONLY_ACTIVE_ARCH = YES;
				SDKROOT = iphoneos;
				SWIFT_ACTIVE_COMPILATION_CONDITIONS = DEBUG;
				SWIFT_OPTIMIZATION_LEVEL = "-Onone";
			};
			name = Debug;
		};
		5591BD0B25241605009720BB /* Release */ = {
			isa = XCBuildConfiguration;
			buildSettings = {
				ALWAYS_SEARCH_USER_PATHS = NO;
				CLANG_ANALYZER_NONNULL = YES;
				CLANG_ANALYZER_NUMBER_OBJECT_CONVERSION = YES_AGGRESSIVE;
				CLANG_CXX_LANGUAGE_STANDARD = "gnu++14";
				CLANG_CXX_LIBRARY = "libc++";
				CLANG_ENABLE_MODULES = YES;
				CLANG_ENABLE_OBJC_ARC = YES;
				CLANG_ENABLE_OBJC_WEAK = YES;
				CLANG_WARN_BLOCK_CAPTURE_AUTORELEASING = YES;
				CLANG_WARN_BOOL_CONVERSION = YES;
				CLANG_WARN_COMMA = YES;
				CLANG_WARN_CONSTANT_CONVERSION = YES;
				CLANG_WARN_DEPRECATED_OBJC_IMPLEMENTATIONS = YES;
				CLANG_WARN_DIRECT_OBJC_ISA_USAGE = YES_ERROR;
				CLANG_WARN_DOCUMENTATION_COMMENTS = YES;
				CLANG_WARN_EMPTY_BODY = YES;
				CLANG_WARN_ENUM_CONVERSION = YES;
				CLANG_WARN_INFINITE_RECURSION = YES;
				CLANG_WARN_INT_CONVERSION = YES;
				CLANG_WARN_NON_LITERAL_NULL_CONVERSION = YES;
				CLANG_WARN_OBJC_IMPLICIT_RETAIN_SELF = YES;
				CLANG_WARN_OBJC_LITERAL_CONVERSION = YES;
				CLANG_WARN_OBJC_ROOT_CLASS = YES_ERROR;
				CLANG_WARN_QUOTED_INCLUDE_IN_FRAMEWORK_HEADER = YES;
				CLANG_WARN_RANGE_LOOP_ANALYSIS = YES;
				CLANG_WARN_STRICT_PROTOTYPES = YES;
				CLANG_WARN_SUSPICIOUS_MOVE = YES;
				CLANG_WARN_UNGUARDED_AVAILABILITY = YES_AGGRESSIVE;
				CLANG_WARN_UNREACHABLE_CODE = YES;
				CLANG_WARN__DUPLICATE_METHOD_MATCH = YES;
				COPY_PHASE_STRIP = NO;
				DEBUG_INFORMATION_FORMAT = "dwarf-with-dsym";
				ENABLE_NS_ASSERTIONS = NO;
				ENABLE_STRICT_OBJC_MSGSEND = YES;
				GCC_C_LANGUAGE_STANDARD = gnu11;
				GCC_NO_COMMON_BLOCKS = YES;
				GCC_WARN_64_TO_32_BIT_CONVERSION = YES;
				GCC_WARN_ABOUT_RETURN_TYPE = YES_ERROR;
				GCC_WARN_UNDECLARED_SELECTOR = YES;
				GCC_WARN_UNINITIALIZED_AUTOS = YES_AGGRESSIVE;
				GCC_WARN_UNUSED_FUNCTION = YES;
				GCC_WARN_UNUSED_VARIABLE = YES;
				IPHONEOS_DEPLOYMENT_TARGET = 14.0;
				MTL_ENABLE_DEBUG_INFO = NO;
				MTL_FAST_MATH = YES;
				SDKROOT = iphoneos;
				SWIFT_COMPILATION_MODE = wholemodule;
				SWIFT_OPTIMIZATION_LEVEL = "-O";
				VALIDATE_PRODUCT = YES;
			};
			name = Release;
		};
		5591BD0D25241605009720BB /* Debug */ = {
			isa = XCBuildConfiguration;
			buildSettings = {
				ASSETCATALOG_COMPILER_APPICON_NAME = AppIcon;
				ASSETCATALOG_COMPILER_GLOBAL_ACCENT_COLOR_NAME = AccentColor;
				CODE_SIGN_STYLE = Automatic;
				DEVELOPMENT_TEAM = V85ZA84563;
				INFOPLIST_FILE = "Ninja Prep/Info.plist";
				LD_RUNPATH_SEARCH_PATHS = (
					"$(inherited)",
					"@executable_path/Frameworks",
				);
				PRODUCT_BUNDLE_IDENTIFIER = "com.BrandonFong.Ninja-Prep";
				PRODUCT_NAME = "$(TARGET_NAME)";
				SWIFT_VERSION = 5.0;
				TARGETED_DEVICE_FAMILY = 1;
			};
			name = Debug;
		};
		5591BD0E25241605009720BB /* Release */ = {
			isa = XCBuildConfiguration;
			buildSettings = {
				ASSETCATALOG_COMPILER_APPICON_NAME = AppIcon;
				ASSETCATALOG_COMPILER_GLOBAL_ACCENT_COLOR_NAME = AccentColor;
				CODE_SIGN_STYLE = Automatic;
				DEVELOPMENT_TEAM = V85ZA84563;
				INFOPLIST_FILE = "Ninja Prep/Info.plist";
				LD_RUNPATH_SEARCH_PATHS = (
					"$(inherited)",
					"@executable_path/Frameworks",
				);
				PRODUCT_BUNDLE_IDENTIFIER = "com.BrandonFong.Ninja-Prep";
				PRODUCT_NAME = "$(TARGET_NAME)";
				SWIFT_VERSION = 5.0;
				TARGETED_DEVICE_FAMILY = 1;
			};
			name = Release;
		};
/* End XCBuildConfiguration section */

/* Begin XCConfigurationList section */
		5591BCF325241602009720BB /* Build configuration list for PBXProject "Ninja Prep" */ = {
			isa = XCConfigurationList;
			buildConfigurations = (
				5591BD0A25241605009720BB /* Debug */,
				5591BD0B25241605009720BB /* Release */,
			);
			defaultConfigurationIsVisible = 0;
			defaultConfigurationName = Release;
		};
		5591BD0C25241605009720BB /* Build configuration list for PBXNativeTarget "Ninja Prep" */ = {
			isa = XCConfigurationList;
			buildConfigurations = (
				5591BD0D25241605009720BB /* Debug */,
				5591BD0E25241605009720BB /* Release */,
			);
			defaultConfigurationIsVisible = 0;
			defaultConfigurationName = Release;
		};
/* End XCConfigurationList section */
	};
	rootObject = 5591BCF025241602009720BB /* Project object */;
}
